
Microsoft Visual Studio Solution File, Format Version 12.00
# Visual Studio 15
VisualStudioVersion = 15.0.28307.271
MinimumVisualStudioVersion = 10.0.40219.1
Project("{FAE04EC0-301F-11D3-BF4B-00C04F79EFBC}") = "ShoppingStore", "ShoppingStore\ShoppingStore.csproj", "{D85E7246-65D7-41AA-BFEF-896B139C354F}"
EndProject
Global
	GlobalSection(SolutionConfigurationPlatforms) = preSolution
		Debug|Any CPU = Debug|Any CPU
		Release|Any CPU = Release|Any CPU
	EndGlobalSection
	GlobalSection(ProjectConfigurationPlatforms) = postSolution
		{D85E7246-65D7-41AA-BFEF-896B139C354F}.Debug|Any CPU.ActiveCfg = Debug|Any CPU
		{D85E7246-65D7-41AA-BFEF-896B139C354F}.Debug|Any CPU.Build.0 = Debug|Any CPU
		{D85E7246-65D7-41AA-BFEF-896B139C354F}.Release|Any CPU.ActiveCfg = Release|Any CPU
		{D85E7246-65D7-41AA-BFEF-896B139C354F}.Release|Any CPU.Build.0 = Release|Any CPU
	EndGlobalSection
	GlobalSection(SolutionProperties) = preSolution
		HideSolutionNode = FALSE
	EndGlobalSection
	GlobalSection(ExtensibilityGlobals) = postSolution
		SolutionGuid = {CC9A8A56-0399-4960-9B51-5562FBD6A457}
	EndGlobalSection
EndGlobal
