
Microsoft Visual Studio Solution File, Format Version 12.00
# Visual Studio 15
Project("{FAE04EC0-301F-11D3-BF4B-00C04F79EFBC}") = "StoreAPI", "StoreAPI\StoreAPI.csproj", "{9884F12F-11E7-415B-BF37-D2C6CC72E7CE}"
EndProject
Global
	GlobalSection(SolutionConfigurationPlatforms) = preSolution
		Debug|Any CPU = Debug|Any CPU
		Release|Any CPU = Release|Any CPU
	EndGlobalSection
	GlobalSection(ProjectConfigurationPlatforms) = postSolution
		{9884F12F-11E7-415B-BF37-D2C6CC72E7CE}.Debug|Any CPU.ActiveCfg = Debug|Any CPU
		{9884F12F-11E7-415B-BF37-D2C6CC72E7CE}.Debug|Any CPU.Build.0 = Debug|Any CPU
		{9884F12F-11E7-415B-BF37-D2C6CC72E7CE}.Release|Any CPU.ActiveCfg = Release|Any CPU
		{9884F12F-11E7-415B-BF37-D2C6CC72E7CE}.Release|Any CPU.Build.0 = Release|Any CPU
	EndGlobalSection
EndGlobal
