{
    "version": 3,
    "terraform_version": "0.11.13",
    "serial": 34,
    "lineage": "ad31bec0-2168-8857-94bb-c21bef586415",
    "modules": [
        {
            "path": [
                "root"
            ],
            "outputs": {},
            "resources": {
                "aws_instance.vault-example": {
                    "type": "aws_instance",
                    "depends_on": [
                        "aws_security_group.tenable"
                    ],
                    "primary": {
                        "id": "i-0b99de6f6f9acb55b",
                        "attributes": {
                            "ami": "ami-064536628aee854d9",
                            "arn": "arn:aws:ec2:us-east-1:680311614556:instance/i-0b99de6f6f9acb55b",
                            "associate_public_ip_address": "true",
                            "availability_zone": "us-east-1c",
                            "cpu_core_count": "1",
                            "cpu_threads_per_core": "1",
                            "credit_specification.#": "1",
                            "credit_specification.0.cpu_credits": "standard",
                            "disable_api_termination": "false",
                            "ebs_block_device.#": "0",
                            "ebs_optimized": "false",
                            "ephemeral_block_device.#": "0",
                            "get_password_data": "false",
                            "iam_instance_profile": "",
                            "id": "i-0b99de6f6f9acb55b",
                            "instance_state": "running",
                            "instance_type": "t2.micro",
                            "ipv6_addresses.#": "0",
                            "key_name": "ec2",
                            "monitoring": "false",
                            "network_interface.#": "0",
                            "password_data": "",
                            "placement_group": "",
                            "primary_network_interface_id": "eni-0da447170709d74a1",
                            "private_dns": "ip-172-31-88-87.ec2.internal",
                            "private_ip": "172.31.88.87",
                            "public_dns": "ec2-18-234-140-52.compute-1.amazonaws.com",
                            "public_ip": "18.234.140.52",
                            "root_block_device.#": "1",
                            "root_block_device.0.delete_on_termination": "true",
                            "root_block_device.0.iops": "100",
                            "root_block_device.0.volume_id": "vol-04345474b0c03f8b8",
                            "root_block_device.0.volume_size": "30",
                            "root_block_device.0.volume_type": "gp2",
                            "security_groups.#": "1",
                            "security_groups.1795740633": "tenable-scanner",
                            "source_dest_check": "true",
                            "subnet_id": "subnet-66fe9148",
                            "tags.%": "1",
                            "tags.Name": "myweb",
                            "tenancy": "default",
                            "volume_tags.%": "0",
                            "vpc_security_group_ids.#": "1",
                            "vpc_security_group_ids.173415247": "sg-07da67cf55f2041d0"
                        },
                        "meta": {
                            "e2bfb730-ecaa-11e6-8f88-34363bc7c4c0": {
                                "create": 600000000000,
                                "delete": 1200000000000,
                                "update": 600000000000
                            },
                            "schema_version": "1"
                        },
                        "tainted": false
                    },
                    "deposed": [],
                    "provider": "provider.aws"
                },
                "aws_security_group.tenable": {
                    "type": "aws_security_group",
                    "depends_on": [],
                    "primary": {
                        "id": "sg-07da67cf55f2041d0",
                        "attributes": {
                            "arn": "arn:aws:ec2:us-east-1:680311614556:security-group/sg-07da67cf55f2041d0",
                            "description": "Web Security Group",
                            "egress.#": "1",
                            "egress.482069346.cidr_blocks.#": "1",
                            "egress.482069346.cidr_blocks.0": "0.0.0.0/0",
                            "egress.482069346.description": "",
                            "egress.482069346.from_port": "0",
                            "egress.482069346.ipv6_cidr_blocks.#": "0",
                            "egress.482069346.prefix_list_ids.#": "0",
                            "egress.482069346.protocol": "-1",
                            "egress.482069346.security_groups.#": "0",
                            "egress.482069346.self": "false",
                            "egress.482069346.to_port": "0",
                            "id": "sg-07da67cf55f2041d0",
                            "ingress.#": "4",
                            "ingress.2214680975.cidr_blocks.#": "1",
                            "ingress.2214680975.cidr_blocks.0": "0.0.0.0/0",
                            "ingress.2214680975.description": "",
                            "ingress.2214680975.from_port": "80",
                            "ingress.2214680975.ipv6_cidr_blocks.#": "0",
                            "ingress.2214680975.prefix_list_ids.#": "0",
                            "ingress.2214680975.protocol": "tcp",
                            "ingress.2214680975.security_groups.#": "0",
                            "ingress.2214680975.self": "false",
                            "ingress.2214680975.to_port": "80",
                            "ingress.2223400681.cidr_blocks.#": "1",
                            "ingress.2223400681.cidr_blocks.0": "0.0.0.0/0",
                            "ingress.2223400681.description": "",
                            "ingress.2223400681.from_port": "3389",
                            "ingress.2223400681.ipv6_cidr_blocks.#": "0",
                            "ingress.2223400681.prefix_list_ids.#": "0",
                            "ingress.2223400681.protocol": "tcp",
                            "ingress.2223400681.security_groups.#": "0",
                            "ingress.2223400681.self": "false",
                            "ingress.2223400681.to_port": "3389",
                            "ingress.2541437006.cidr_blocks.#": "1",
                            "ingress.2541437006.cidr_blocks.0": "0.0.0.0/0",
                            "ingress.2541437006.description": "",
                            "ingress.2541437006.from_port": "22",
                            "ingress.2541437006.ipv6_cidr_blocks.#": "0",
                            "ingress.2541437006.prefix_list_ids.#": "0",
                            "ingress.2541437006.protocol": "tcp",
                            "ingress.2541437006.security_groups.#": "0",
                            "ingress.2541437006.self": "false",
                            "ingress.2541437006.to_port": "22",
                            "ingress.2617001939.cidr_blocks.#": "1",
                            "ingress.2617001939.cidr_blocks.0": "0.0.0.0/0",
                            "ingress.2617001939.description": "",
                            "ingress.2617001939.from_port": "443",
                            "ingress.2617001939.ipv6_cidr_blocks.#": "0",
                            "ingress.2617001939.prefix_list_ids.#": "0",
                            "ingress.2617001939.protocol": "tcp",
                            "ingress.2617001939.security_groups.#": "0",
                            "ingress.2617001939.self": "false",
                            "ingress.2617001939.to_port": "443",
                            "name": "tenable-scanner",
                            "owner_id": "680311614556",
                            "revoke_rules_on_delete": "false",
                            "tags.%": "0",
                            "vpc_id": "vpc-cea21eb4"
                        },
                        "meta": {
                            "e2bfb730-ecaa-11e6-8f88-34363bc7c4c0": {
                                "create": 600000000000,
                                "delete": 600000000000
                            },
                            "schema_version": "1"
                        },
                        "tainted": false
                    },
                    "deposed": [],
                    "provider": "provider.aws"
                }
            },
            "depends_on": []
        }
    ]
}
